
Microsoft Visual Studio Solution File, Format Version 12.00
# Visual Studio Version 17
VisualStudioVersion = 17.7.34024.191
MinimumVisualStudioVersion = 10.0.40219.1
Project("{FAE04EC0-301F-11D3-BF4B-00C04F79EFBC}") = "SessizHarf", "SessizHarf.csproj", "{3EE0CAF6-EBDE-486F-869F-DE0D30477A5E}"
EndProject
Global
	GlobalSection(SolutionConfigurationPlatforms) = preSolution
		Debug|Any CPU = Debug|Any CPU
		Release|Any CPU = Release|Any CPU
	EndGlobalSection
	GlobalSection(ProjectConfigurationPlatforms) = postSolution
		{3EE0CAF6-EBDE-486F-869F-DE0D30477A5E}.Debug|Any CPU.ActiveCfg = Debug|Any CPU
		{3EE0CAF6-EBDE-486F-869F-DE0D30477A5E}.Debug|Any CPU.Build.0 = Debug|Any CPU
		{3EE0CAF6-EBDE-486F-869F-DE0D30477A5E}.Release|Any CPU.ActiveCfg = Release|Any CPU
		{3EE0CAF6-EBDE-486F-869F-DE0D30477A5E}.Release|Any CPU.Build.0 = Release|Any CPU
	EndGlobalSection
	GlobalSection(SolutionProperties) = preSolution
		HideSolutionNode = FALSE
	EndGlobalSection
	GlobalSection(ExtensibilityGlobals) = postSolution
		SolutionGuid = {86D0231C-6C76-444B-9EF2-8A07050CA399}
	EndGlobalSection
EndGlobal
