
Microsoft Visual Studio Solution File, Format Version 12.00
# Visual Studio Version 17
VisualStudioVersion = 17.7.34024.191
MinimumVisualStudioVersion = 10.0.40219.1
Project("{FAE04EC0-301F-11D3-BF4B-00C04F79EFBC}") = "KarakterDegistirme", "KarakterDegistirme.csproj", "{DCFDB9BE-F1A0-4C07-9873-ED6F3BC124F6}"
EndProject
Global
	GlobalSection(SolutionConfigurationPlatforms) = preSolution
		Debug|Any CPU = Debug|Any CPU
		Release|Any CPU = Release|Any CPU
	EndGlobalSection
	GlobalSection(ProjectConfigurationPlatforms) = postSolution
		{DCFDB9BE-F1A0-4C07-9873-ED6F3BC124F6}.Debug|Any CPU.ActiveCfg = Debug|Any CPU
		{DCFDB9BE-F1A0-4C07-9873-ED6F3BC124F6}.Debug|Any CPU.Build.0 = Debug|Any CPU
		{DCFDB9BE-F1A0-4C07-9873-ED6F3BC124F6}.Release|Any CPU.ActiveCfg = Release|Any CPU
		{DCFDB9BE-F1A0-4C07-9873-ED6F3BC124F6}.Release|Any CPU.Build.0 = Release|Any CPU
	EndGlobalSection
	GlobalSection(SolutionProperties) = preSolution
		HideSolutionNode = FALSE
	EndGlobalSection
	GlobalSection(ExtensibilityGlobals) = postSolution
		SolutionGuid = {913D52CC-A244-4D82-A3C6-E150282DDA2D}
	EndGlobalSection
EndGlobal
